
Microsoft Visual Studio Solution File, Format Version 12.00
# Visual Studio Version 16
VisualStudioVersion = 16.0.30330.147
MinimumVisualStudioVersion = 10.0.40219.1
Project("{9A19103F-16F7-4668-BE54-9A1E7A4F7556}") = "eShopSolution.WebApp", "eShopSolution.WebApp\eShopSolution.WebApp.csproj", "{F2CE442B-86B3-45EE-AEF0-B78557EED9CA}"
EndProject
Project("{2150E333-8FDC-42A3-9474-1A3956D46DE8}") = "Solution Items", "Solution Items", "{C17BC50E-CC60-4EE1-8F18-750B5A0E03F7}"
	ProjectSection(SolutionItems) = preProject
		README.md = README.md
	EndProjectSection
EndProject
Global
	GlobalSection(SolutionConfigurationPlatforms) = preSolution
		Debug|Any CPU = Debug|Any CPU
		Release|Any CPU = Release|Any CPU
	EndGlobalSection
	GlobalSection(ProjectConfigurationPlatforms) = postSolution
		{F2CE442B-86B3-45EE-AEF0-B78557EED9CA}.Debug|Any CPU.ActiveCfg = Debug|Any CPU
		{F2CE442B-86B3-45EE-AEF0-B78557EED9CA}.Debug|Any CPU.Build.0 = Debug|Any CPU
		{F2CE442B-86B3-45EE-AEF0-B78557EED9CA}.Release|Any CPU.ActiveCfg = Release|Any CPU
		{F2CE442B-86B3-45EE-AEF0-B78557EED9CA}.Release|Any CPU.Build.0 = Release|Any CPU
	EndGlobalSection
	GlobalSection(SolutionProperties) = preSolution
		HideSolutionNode = FALSE
	EndGlobalSection
	GlobalSection(ExtensibilityGlobals) = postSolution
		SolutionGuid = {C965ECE9-403B-4BA7-BCAC-B09A4520EB96}
	EndGlobalSection
EndGlobal
