
Microsoft Visual Studio Solution File, Format Version 12.00
# Visual Studio Version 16
VisualStudioVersion = 16.0.30330.147
MinimumVisualStudioVersion = 10.0.40219.1
Project("{FAE04EC0-301F-11D3-BF4B-00C04F79EFBC}") = "eShopSolution.WebApp", "eShopSolution.WebApp\eShopSolution.WebApp.csproj", "{F2CE442B-86B3-45EE-AEF0-B78557EED9CA}"
EndProject
Global
	GlobalSection(SolutionConfigurationPlatforms) = preSolution
		Debug|Any CPU = Debug|Any CPU
		Release|Any CPU = Release|Any CPU
	EndGlobalSection
	GlobalSection(ProjectConfigurationPlatforms) = postSolution
		{F2CE442B-86B3-45EE-AEF0-B78557EED9CA}.Debug|Any CPU.ActiveCfg = Debug|Any CPU
		{F2CE442B-86B3-45EE-AEF0-B78557EED9CA}.Debug|Any CPU.Build.0 = Debug|Any CPU
		{F2CE442B-86B3-45EE-AEF0-B78557EED9CA}.Release|Any CPU.ActiveCfg = Release|Any CPU
		{F2CE442B-86B3-45EE-AEF0-B78557EED9CA}.Release|Any CPU.Build.0 = Release|Any CPU
	EndGlobalSection
	GlobalSection(SolutionProperties) = preSolution
		HideSolutionNode = FALSE
	EndGlobalSection
	GlobalSection(ExtensibilityGlobals) = postSolution
		SolutionGuid = {C965ECE9-403B-4BA7-BCAC-B09A4520EB96}
	EndGlobalSection
EndGlobal
